<?xml version="1.0" encoding="utf-8"?>
<Project ToolsVersion="4.0" xmlns="http://schemas.microsoft.com/developer/msbuild/2003">
  <ItemGroup>
    <Filter Include="Core">
      <UniqueIdentifier>{4FC737F1-C7A5-4376-A066-2A32D752A2FF}</UniqueIdentifier>
      <Extensions>cpp;c;cc;cxx;def;odl;idl;hpj;bat;asm;asmx</Extensions>
    </Filter>
    <Filter Include="Math">
      <UniqueIdentifier>{6e07ca08-13ab-4ec0-8ffe-6969b97936fa}</UniqueIdentifier>
    </Filter>
    <Filter Include="Renderer">
      <UniqueIdentifier>{b43127ff-26f7-4118-bda3-a77679c7f502}</UniqueIdentifier>
    </Filter>
    <Filter Include="Input">
      <UniqueIdentifier>{89228a5d-d1f6-463b-a36c-ae92fae1bf11}</UniqueIdentifier>
    </Filter>
    <Filter Include="Audio">
      <UniqueIdentifier>{989194f6-4516-4537-a47b-ecbbaabab04a}</UniqueIdentifier>
    </Filter>
    <Filter Include="Core\XML">
      <UniqueIdentifier>{214186af-0084-4d69-aede-a3f47e7e417d}</UniqueIdentifier>
    </Filter>
    <Filter Include="Core\Strings">
      <UniqueIdentifier>{a1745801-35bb-48d6-9563-ba7a003ceec4}</UniqueIdentifier>
    </Filter>
    <Filter Include="Core\Graphics">
      <UniqueIdentifier>{36efdd17-a9d4-4761-ac61-c949690e305c}</UniqueIdentifier>
    </Filter>
    <Filter Include="Core\Debug">
      <UniqueIdentifier>{f35ed44e-9365-46cf-bba7-d275bcab91b8}</UniqueIdentifier>
    </Filter>
    <Filter Include="Physics">
      <UniqueIdentifier>{48a6214a-4f46-48b6-b949-e0c44f06528b}</UniqueIdentifier>
    </Filter>
    <Filter Include="Renderer\Shaders">
      <UniqueIdentifier>{bd49e37b-a8d0-4cf6-8f1a-d71c8afdf8a9}</UniqueIdentifier>
    </Filter>
    <Filter Include="Renderer\Shaders\Buffers">
      <UniqueIdentifier>{3982a25c-13b4-450b-8a83-c06203c7f6a0}</UniqueIdentifier>
    </Filter>
    <Filter Include="Renderer\Textures">
      <UniqueIdentifier>{bfcb1a50-564a-43a9-8508-45998c26bfee}</UniqueIdentifier>
    </Filter>
    <Filter Include="Core\Vertex">
      <UniqueIdentifier>{b92b2e79-75f0-43b6-a05b-adaf8bc92401}</UniqueIdentifier>
    </Filter>
    <Filter Include="Renderer\Debug">
      <UniqueIdentifier>{b631a0c6-e70f-4a8b-aa9c-033e4f47985a}</UniqueIdentifier>
    </Filter>
    <Filter Include="Core\Time">
      <UniqueIdentifier>{9ffc5e98-ff1e-4606-b57e-6d532e392345}</UniqueIdentifier>
    </Filter>
    <Filter Include="Core\Memory">
      <UniqueIdentifier>{1e2512da-7695-4546-9164-52af78267320}</UniqueIdentifier>
    </Filter>
    <Filter Include="ImGUI">
      <UniqueIdentifier>{ea464a8f-32bc-45c7-9748-99cecac35f20}</UniqueIdentifier>
    </Filter>
  </ItemGroup>
  <ItemGroup>
    <ClCompile Include="Renderer\Camera.cpp">
      <Filter>Renderer</Filter>
    </ClCompile>
    <ClCompile Include="Renderer\RenderContext.cpp">
      <Filter>Renderer</Filter>
    </ClCompile>
    <ClCompile Include="Math\MathUtils.cpp">
      <Filter>Math</Filter>
    </ClCompile>
    <ClCompile Include="Math\Vec2.cpp">
      <Filter>Math</Filter>
    </ClCompile>
    <ClCompile Include="Math\Vec3.cpp">
      <Filter>Math</Filter>
    </ClCompile>
    <ClCompile Include="Core\ErrorWarningAssert.cpp">
      <Filter>Core</Filter>
    </ClCompile>
    <ClCompile Include="Math\RNG.cpp">
      <Filter>Math</Filter>
    </ClCompile>
    <ClCompile Include="Input\KeyButtonState.cpp">
      <Filter>Input</Filter>
    </ClCompile>
    <ClCompile Include="Input\AnalogJoystick.cpp">
      <Filter>Input</Filter>
    </ClCompile>
    <ClCompile Include="Input\InputSystem.cpp">
      <Filter>Input</Filter>
    </ClCompile>
    <ClCompile Include="Input\XboxController.cpp">
      <Filter>Input</Filter>
    </ClCompile>
    <ClCompile Include="Audio\AudioSystem.cpp">
      <Filter>Audio</Filter>
    </ClCompile>
    <ClCompile Include="Math\IntVec2.cpp">
      <Filter>Math</Filter>
    </ClCompile>
    <ClCompile Include="Math\AABB2.cpp">
      <Filter>Math</Filter>
    </ClCompile>
    <ClCompile Include="Renderer\SpriteDefinition.cpp">
      <Filter>Renderer</Filter>
    </ClCompile>
    <ClCompile Include="Renderer\SpriteSheet.cpp">
      <Filter>Renderer</Filter>
    </ClCompile>
    <ClCompile Include="Renderer\BitmapFont.cpp">
      <Filter>Renderer</Filter>
    </ClCompile>
    <ClCompile Include="Renderer\SpriteAnimDefinition.cpp">
      <Filter>Renderer</Filter>
    </ClCompile>
    <ClCompile Include="..\ThirdParty\TinyXML2\tinyxml2.cpp">
      <Filter>Core\XML</Filter>
    </ClCompile>
    <ClCompile Include="Math\FloatRange.cpp">
      <Filter>Math</Filter>
    </ClCompile>
    <ClCompile Include="Math\IntRange.cpp">
      <Filter>Math</Filter>
    </ClCompile>
    <ClCompile Include="Core\EngineCommon.cpp">
      <Filter>Core</Filter>
    </ClCompile>
    <ClCompile Include="Math\Matrix44.cpp">
      <Filter>Math</Filter>
    </ClCompile>
    <ClCompile Include="Math\Vec4.cpp">
      <Filter>Math</Filter>
    </ClCompile>
    <ClCompile Include="Core\EventSystem.cpp">
      <Filter>Core</Filter>
    </ClCompile>
    <ClCompile Include="Math\RawNoise.cpp">
      <Filter>Math</Filter>
    </ClCompile>
    <ClCompile Include="Math\SmoothNoise.cpp">
      <Filter>Math</Filter>
    </ClCompile>
    <ClCompile Include="Core\Tags.cpp">
      <Filter>Core</Filter>
    </ClCompile>
    <ClCompile Include="Physics\PhysicsSystem.cpp">
      <Filter>Physics</Filter>
    </ClCompile>
    <ClCompile Include="Physics\AABB2Collider2D.cpp">
      <Filter>Physics</Filter>
    </ClCompile>
    <ClCompile Include="Physics\Collider2D.cpp">
      <Filter>Physics</Filter>
    </ClCompile>
    <ClCompile Include="Physics\Collision2D.cpp">
      <Filter>Physics</Filter>
    </ClCompile>
    <ClCompile Include="Physics\DiscCollider2D.cpp">
      <Filter>Physics</Filter>
    </ClCompile>
    <ClCompile Include="Physics\Rigidbody2D.cpp">
      <Filter>Physics</Filter>
    </ClCompile>
    <ClCompile Include="Physics\Transform2D.cpp">
      <Filter>Physics</Filter>
    </ClCompile>
    <ClCompile Include="Math\Disc.cpp">
      <Filter>Math</Filter>
    </ClCompile>
    <ClCompile Include="Physics\Manifold2D.cpp">
      <Filter>Physics</Filter>
    </ClCompile>
    <ClCompile Include="Physics\PhysicsMaterial.cpp">
      <Filter>Physics</Filter>
    </ClCompile>
    <ClCompile Include="Renderer\Shaders\ColorTargetView.cpp">
      <Filter>Renderer\Shaders</Filter>
    </ClCompile>
    <ClCompile Include="Renderer\Shaders\Shader.cpp">
      <Filter>Renderer\Shaders</Filter>
    </ClCompile>
    <ClCompile Include="Renderer\Shaders\ShaderStage.cpp">
      <Filter>Renderer\Shaders</Filter>
    </ClCompile>
    <ClCompile Include="Renderer\RenderUtil.cpp">
      <Filter>Renderer</Filter>
    </ClCompile>
    <ClCompile Include="Renderer\Shaders\UniformBuffer.cpp">
      <Filter>Renderer\Shaders\Buffers</Filter>
    </ClCompile>
    <ClCompile Include="Renderer\Shaders\VertexBuffer.cpp">
      <Filter>Renderer\Shaders\Buffers</Filter>
    </ClCompile>
    <ClCompile Include="Renderer\Shaders\RenderBuffer.cpp">
      <Filter>Renderer\Shaders\Buffers</Filter>
    </ClCompile>
    <ClCompile Include="Renderer\Textures\Texture.cpp">
      <Filter>Renderer\Textures</Filter>
    </ClCompile>
    <ClCompile Include="Renderer\Textures\Texture2D.cpp">
      <Filter>Renderer\Textures</Filter>
    </ClCompile>
    <ClCompile Include="Renderer\Textures\TextureView2D.cpp">
      <Filter>Renderer\Textures</Filter>
    </ClCompile>
    <ClCompile Include="Renderer\Textures\Sampler.cpp">
      <Filter>Renderer\Textures</Filter>
    </ClCompile>
    <ClCompile Include="Renderer\Textures\TextureView.cpp">
      <Filter>Renderer\Textures</Filter>
    </ClCompile>
    <ClCompile Include="Renderer\Shaders\IndexBuffer.cpp">
      <Filter>Renderer\Shaders\Buffers</Filter>
    </ClCompile>
    <ClCompile Include="Math\AABB3.cpp">
      <Filter>Math</Filter>
    </ClCompile>
    <ClCompile Include="Renderer\MeshGPU.cpp">
      <Filter>Renderer</Filter>
    </ClCompile>
    <ClCompile Include="Core\WindowContext.cpp">
      <Filter>Core</Filter>
    </ClCompile>
    <ClCompile Include="Renderer\Textures\DepthStencilTargetView.cpp">
      <Filter>Renderer\Textures</Filter>
    </ClCompile>
    <ClCompile Include="Renderer\Debug\DebugRenderSystem.cpp">
      <Filter>Renderer\Debug</Filter>
    </ClCompile>
    <ClCompile Include="Renderer\Debug\DebugRenderObject.cpp">
      <Filter>Renderer\Debug</Filter>
    </ClCompile>
    <ClCompile Include="Renderer\Debug\DebugRenderObjectMesh.cpp">
      <Filter>Renderer\Debug</Filter>
    </ClCompile>
    <ClCompile Include="Renderer\Debug\DebugRenderObjectText2D.cpp">
      <Filter>Renderer\Debug</Filter>
    </ClCompile>
    <ClCompile Include="Renderer\Debug\DebugRenderObjectText3D.cpp">
      <Filter>Renderer\Debug</Filter>
    </ClCompile>
    <ClCompile Include="Physics\PillboxCollider2D.cpp">
      <Filter>Physics</Filter>
    </ClCompile>
    <ClCompile Include="Math\Pillbox2.cpp">
      <Filter>Math</Filter>
    </ClCompile>
    <ClCompile Include="Math\OBB2.cpp">
      <Filter>Math</Filter>
    </ClCompile>
    <ClCompile Include="Math\Plane2.cpp">
      <Filter>Math</Filter>
    </ClCompile>
    <ClCompile Include="Core\Vertex\Vertex_LIT.cpp">
      <Filter>Core\Vertex</Filter>
    </ClCompile>
    <ClCompile Include="Core\Vertex\VertexMaster.cpp">
      <Filter>Core\Vertex</Filter>
    </ClCompile>
    <ClCompile Include="Renderer\Material.cpp">
      <Filter>Renderer</Filter>
    </ClCompile>
    <ClCompile Include="Renderer\Model.cpp">
      <Filter>Renderer</Filter>
    </ClCompile>
    <ClCompile Include="Core\Time\Clock.cpp">
      <Filter>Core\Time</Filter>
    </ClCompile>
    <ClCompile Include="Core\Time\StopWatch.cpp">
      <Filter>Core\Time</Filter>
    </ClCompile>
    <ClCompile Include="Core\Time\Time.cpp">
      <Filter>Core\Time</Filter>
    </ClCompile>
    <ClCompile Include="Core\Strings\NamedStrings.cpp">
      <Filter>Core\Strings</Filter>
    </ClCompile>
    <ClCompile Include="Core\Strings\StringUtils.cpp">
      <Filter>Core\Strings</Filter>
    </ClCompile>
    <ClCompile Include="Core\Vertex\MeshCPU.cpp">
      <Filter>Core\Vertex</Filter>
    </ClCompile>
    <ClCompile Include="Core\Vertex\Vertex_PCU.cpp">
      <Filter>Core\Vertex</Filter>
    </ClCompile>
    <ClCompile Include="Core\XML\XMLUtils.cpp">
      <Filter>Core\XML</Filter>
    </ClCompile>
    <ClCompile Include="Core\Graphics\Image.cpp">
      <Filter>Core\Graphics</Filter>
    </ClCompile>
    <ClCompile Include="Core\Graphics\Rgba.cpp">
      <Filter>Core\Graphics</Filter>
    </ClCompile>
    <ClCompile Include="Core\Debug\DevConsole.cpp">
      <Filter>Core\Debug</Filter>
    </ClCompile>
    <ClCompile Include="Core\Debug\TextLine.cpp">
      <Filter>Core\Debug</Filter>
    </ClCompile>
    <ClCompile Include="Core\Strings\NamedProperties.cpp">
      <Filter>Core\Strings</Filter>
    </ClCompile>
    <ClCompile Include="Math\Plane3.cpp">
      <Filter>Math</Filter>
    </ClCompile>
    <ClCompile Include="Math\Capsule3.cpp">
      <Filter>Math</Filter>
    </ClCompile>
    <ClCompile Include="Math\Sphere.cpp">
      <Filter>Math</Filter>
    </ClCompile>
    <ClCompile Include="Math\Ray3.cpp">
      <Filter>Math</Filter>
    </ClCompile>
    <ClCompile Include="Math\OBB3.cpp">
      <Filter>Math</Filter>
    </ClCompile>
    <ClCompile Include="Math\Frustum.cpp">
      <Filter>Math</Filter>
    </ClCompile>
    <ClCompile Include="Physics\Transform3D.cpp">
      <Filter>Physics</Filter>
    </ClCompile>
    <ClCompile Include="Core\Debug\LogProfile.cpp">
      <Filter>Core\Debug</Filter>
    </ClCompile>
    <ClCompile Include="Core\Debug\Callstack.cpp">
      <Filter>Core\Debug</Filter>
    </ClCompile>
    <ClCompile Include="Core\Debug\UnitTest.cpp">
      <Filter>Core\Debug</Filter>
    </ClCompile>
    <ClCompile Include="Core\Debug\Log.cpp">
      <Filter>Core\Debug</Filter>
    </ClCompile>
    <ClCompile Include="Core\Memory\AsyncQueue.cpp">
      <Filter>Core\Memory</Filter>
    </ClCompile>
    <ClCompile Include="Core\Memory\MemoryManagement.cpp">
      <Filter>Core\Memory</Filter>
    </ClCompile>
    <ClCompile Include="Core\Memory\MPSCRingBuffer.cpp">
      <Filter>Core\Memory</Filter>
    </ClCompile>
    <ClCompile Include="Core\Debug\Profiler.cpp">
      <Filter>Core\Debug</Filter>
    </ClCompile>
    <ClCompile Include="Core\Memory\Allocator.cpp">
      <Filter>Core\Memory</Filter>
    </ClCompile>
    <ClCompile Include="Core\Memory\BlockAllocator.cpp">
      <Filter>Core\Memory</Filter>
    </ClCompile>
    <ClCompile Include="Core\EngineUtils.cpp">
      <Filter>Core</Filter>
    </ClCompile>
    <ClCompile Include="Core\Debug\ProfilerReport.cpp">
      <Filter>Core\Debug</Filter>
    </ClCompile>
    <ClCompile Include="..\ThirdParty\imGUI\imgui.cpp">
      <Filter>ImGUI</Filter>
    </ClCompile>
    <ClCompile Include="..\ThirdParty\imGUI\imgui_demo.cpp">
      <Filter>ImGUI</Filter>
    </ClCompile>
    <ClCompile Include="..\ThirdParty\imGUI\imgui_draw.cpp">
      <Filter>ImGUI</Filter>
    </ClCompile>
    <ClCompile Include="..\ThirdParty\imGUI\imgui_impl_dx11.cpp">
      <Filter>ImGUI</Filter>
    </ClCompile>
    <ClCompile Include="..\ThirdParty\imGUI\imgui_impl_win32.cpp">
      <Filter>ImGUI</Filter>
    </ClCompile>
    <ClCompile Include="..\ThirdParty\imGUI\imgui_widgets.cpp">
      <Filter>ImGUI</Filter>
    </ClCompile>
    <ClCompile Include="ImGUI\ImGUISystem.cpp">
      <Filter>ImGUI</Filter>
    </ClCompile>
  </ItemGroup>
  <ItemGroup>
    <ClInclude Include="Renderer\Camera.hpp">
      <Filter>Renderer</Filter>
    </ClInclude>
    <ClInclude Include="Renderer\RenderContext.hpp">
      <Filter>Renderer</Filter>
    </ClInclude>
    <ClInclude Include="Math\MathUtils.hpp">
      <Filter>Math</Filter>
    </ClInclude>
    <ClInclude Include="Math\Vec2.hpp">
      <Filter>Math</Filter>
    </ClInclude>
    <ClInclude Include="Math\Vec3.hpp">
      <Filter>Math</Filter>
    </ClInclude>
    <ClInclude Include="Core\ErrorWarningAssert.hpp">
      <Filter>Core</Filter>
    </ClInclude>
    <ClInclude Include="Core\EngineCommon.hpp">
      <Filter>Core</Filter>
    </ClInclude>
    <ClInclude Include="Math\RNG.hpp">
      <Filter>Math</Filter>
    </ClInclude>
    <ClInclude Include="Input\KeyButtonState.hpp">
      <Filter>Input</Filter>
    </ClInclude>
    <ClInclude Include="Input\AnalogJoystick.hpp">
      <Filter>Input</Filter>
    </ClInclude>
    <ClInclude Include="Input\InputSystem.hpp">
      <Filter>Input</Filter>
    </ClInclude>
    <ClInclude Include="Input\XboxController.hpp">
      <Filter>Input</Filter>
    </ClInclude>
    <ClInclude Include="Audio\AudioSystem.hpp">
      <Filter>Audio</Filter>
    </ClInclude>
    <ClInclude Include="..\ThirdParty\fmod\fmod.h">
      <Filter>Audio</Filter>
    </ClInclude>
    <ClInclude Include="..\ThirdParty\fmod\fmod.hpp">
      <Filter>Audio</Filter>
    </ClInclude>
    <ClInclude Include="..\ThirdParty\fmod\fmod_codec.h">
      <Filter>Audio</Filter>
    </ClInclude>
    <ClInclude Include="..\ThirdParty\fmod\fmod_common.h">
      <Filter>Audio</Filter>
    </ClInclude>
    <ClInclude Include="..\ThirdParty\fmod\fmod_dsp.h">
      <Filter>Audio</Filter>
    </ClInclude>
    <ClInclude Include="..\ThirdParty\fmod\fmod_dsp_effects.h">
      <Filter>Audio</Filter>
    </ClInclude>
    <ClInclude Include="..\ThirdParty\fmod\fmod_errors.h">
      <Filter>Audio</Filter>
    </ClInclude>
    <ClInclude Include="..\ThirdParty\fmod\fmod_output.h">
      <Filter>Audio</Filter>
    </ClInclude>
    <ClInclude Include="Math\IntVec2.hpp">
      <Filter>Math</Filter>
    </ClInclude>
    <ClInclude Include="Math\AABB2.hpp">
      <Filter>Math</Filter>
    </ClInclude>
    <ClInclude Include="Renderer\SpriteDefinition.hpp">
      <Filter>Renderer</Filter>
    </ClInclude>
    <ClInclude Include="Renderer\SpriteSheet.hpp">
      <Filter>Renderer</Filter>
    </ClInclude>
    <ClInclude Include="Renderer\SpriteAnimDefinition.hpp">
      <Filter>Renderer</Filter>
    </ClInclude>
    <ClInclude Include="..\ThirdParty\TinyXML2\tinyxml2.h">
      <Filter>Core\XML</Filter>
    </ClInclude>
    <ClInclude Include="Math\FloatRange.hpp">
      <Filter>Math</Filter>
    </ClInclude>
    <ClInclude Include="Math\IntRange.hpp">
      <Filter>Math</Filter>
    </ClInclude>
    <ClInclude Include="Math\Matrix44.hpp">
      <Filter>Math</Filter>
    </ClInclude>
    <ClInclude Include="Core\EventSystem.hpp">
      <Filter>Core</Filter>
    </ClInclude>
    <ClInclude Include="Math\RawNoise.hpp">
      <Filter>Math</Filter>
    </ClInclude>
    <ClInclude Include="Math\SmoothNoise.hpp">
      <Filter>Math</Filter>
    </ClInclude>
    <ClInclude Include="Core\Tags.hpp">
      <Filter>Core</Filter>
    </ClInclude>
    <ClInclude Include="Physics\PhysicsSystem.hpp">
      <Filter>Physics</Filter>
    </ClInclude>
    <ClInclude Include="Physics\AABB2Collider2D.hpp">
      <Filter>Physics</Filter>
    </ClInclude>
    <ClInclude Include="Physics\Collider2D.hpp">
      <Filter>Physics</Filter>
    </ClInclude>
    <ClInclude Include="Physics\Collision2D.hpp">
      <Filter>Physics</Filter>
    </ClInclude>
    <ClInclude Include="Physics\DiscCollider2D.hpp">
      <Filter>Physics</Filter>
    </ClInclude>
    <ClInclude Include="Physics\Rigidbody2D.hpp">
      <Filter>Physics</Filter>
    </ClInclude>
    <ClInclude Include="Physics\Transform2D.hpp">
      <Filter>Physics</Filter>
    </ClInclude>
    <ClInclude Include="Math\Disc.hpp">
      <Filter>Math</Filter>
    </ClInclude>
    <ClInclude Include="Physics\Manifold2D.hpp">
      <Filter>Physics</Filter>
    </ClInclude>
    <ClInclude Include="Physics\PhysicsMaterial.hpp">
      <Filter>Physics</Filter>
    </ClInclude>
    <ClInclude Include="Renderer\Shaders\ColorTargetView.hpp">
      <Filter>Renderer\Shaders</Filter>
    </ClInclude>
    <ClInclude Include="Renderer\Shaders\Shader.hpp">
      <Filter>Renderer\Shaders</Filter>
    </ClInclude>
    <ClInclude Include="Renderer\Shaders\ShaderStage.hpp">
      <Filter>Renderer\Shaders</Filter>
    </ClInclude>
    <ClInclude Include="Renderer\RenderUtil.hpp">
      <Filter>Renderer</Filter>
    </ClInclude>
    <ClInclude Include="Renderer\Shaders\VertexBuffer.hpp">
      <Filter>Renderer\Shaders\Buffers</Filter>
    </ClInclude>
    <ClInclude Include="Renderer\Shaders\UniformBuffer.hpp">
      <Filter>Renderer\Shaders\Buffers</Filter>
    </ClInclude>
    <ClInclude Include="Renderer\Shaders\RenderBuffer.hpp">
      <Filter>Renderer\Shaders\Buffers</Filter>
    </ClInclude>
    <ClInclude Include="Renderer\Textures\Texture.hpp">
      <Filter>Renderer\Textures</Filter>
    </ClInclude>
    <ClInclude Include="Renderer\Textures\Texture2D.hpp">
      <Filter>Renderer\Textures</Filter>
    </ClInclude>
    <ClInclude Include="Renderer\Textures\TextureView2D.hpp">
      <Filter>Renderer\Textures</Filter>
    </ClInclude>
    <ClInclude Include="Renderer\Textures\Sampler.hpp">
      <Filter>Renderer\Textures</Filter>
    </ClInclude>
    <ClInclude Include="Renderer\Textures\TextureView.hpp">
      <Filter>Renderer\Textures</Filter>
    </ClInclude>
    <ClInclude Include="Renderer\Shaders\IndexBuffer.hpp">
      <Filter>Renderer\Shaders\Buffers</Filter>
    </ClInclude>
    <ClInclude Include="Math\AABB3.hpp">
      <Filter>Math</Filter>
    </ClInclude>
    <ClInclude Include="Renderer\MeshGPU.hpp">
      <Filter>Renderer</Filter>
    </ClInclude>
    <ClInclude Include="Core\WindowContext.hpp">
      <Filter>Core</Filter>
    </ClInclude>
    <ClInclude Include="Renderer\Textures\DepthStencilTargetView.hpp">
      <Filter>Renderer\Textures</Filter>
    </ClInclude>
    <ClInclude Include="Renderer\Debug\DebugRenderSystem.hpp">
      <Filter>Renderer\Debug</Filter>
    </ClInclude>
    <ClInclude Include="Renderer\Debug\DebugRenderObject.hpp">
      <Filter>Renderer\Debug</Filter>
    </ClInclude>
    <ClInclude Include="Renderer\Debug\DebugRenderObjectMesh.hpp">
      <Filter>Renderer\Debug</Filter>
    </ClInclude>
    <ClInclude Include="Renderer\Debug\DebugRenderObjectText2D.hpp">
      <Filter>Renderer\Debug</Filter>
    </ClInclude>
    <ClInclude Include="Renderer\Debug\DebugRenderObjectText3D.hpp">
      <Filter>Renderer\Debug</Filter>
    </ClInclude>
    <ClInclude Include="Physics\PillboxCollider2D.hpp">
      <Filter>Physics</Filter>
    </ClInclude>
    <ClInclude Include="Math\Pillbox2.hpp">
      <Filter>Math</Filter>
    </ClInclude>
    <ClInclude Include="Math\OBB2.hpp">
      <Filter>Math</Filter>
    </ClInclude>
    <ClInclude Include="Math\Plane2.hpp">
      <Filter>Math</Filter>
    </ClInclude>
    <ClInclude Include="Core\Vertex\Vertex_LIT.hpp">
      <Filter>Core\Vertex</Filter>
    </ClInclude>
    <ClInclude Include="Core\Vertex\VertexMaster.hpp">
      <Filter>Core\Vertex</Filter>
    </ClInclude>
    <ClInclude Include="Math\Vec4.hpp">
      <Filter>Math</Filter>
    </ClInclude>
    <ClInclude Include="Renderer\Material.hpp">
      <Filter>Renderer</Filter>
    </ClInclude>
    <ClInclude Include="Renderer\Model.hpp">
      <Filter>Renderer</Filter>
    </ClInclude>
    <ClInclude Include="Core\Time\Clock.hpp">
      <Filter>Core\Time</Filter>
    </ClInclude>
    <ClInclude Include="Core\Time\StopWatch.hpp">
      <Filter>Core\Time</Filter>
    </ClInclude>
    <ClInclude Include="Core\Time\Time.hpp">
      <Filter>Core\Time</Filter>
    </ClInclude>
    <ClInclude Include="Core\Strings\NamedStrings.hpp">
      <Filter>Core\Strings</Filter>
    </ClInclude>
    <ClInclude Include="Core\Strings\StringUtils.hpp">
      <Filter>Core\Strings</Filter>
    </ClInclude>
    <ClInclude Include="Core\Vertex\MeshCPU.hpp">
      <Filter>Core\Vertex</Filter>
    </ClInclude>
    <ClInclude Include="Core\Vertex\Vertex_PCU.hpp">
      <Filter>Core\Vertex</Filter>
    </ClInclude>
    <ClInclude Include="Core\XML\XMLUtils.hpp">
      <Filter>Core\XML</Filter>
    </ClInclude>
    <ClInclude Include="Core\Graphics\Image.hpp">
      <Filter>Core\Graphics</Filter>
    </ClInclude>
    <ClInclude Include="Core\Graphics\Rgba.hpp">
      <Filter>Core\Graphics</Filter>
    </ClInclude>
    <ClInclude Include="Core\Debug\DevConsole.hpp">
      <Filter>Core\Debug</Filter>
    </ClInclude>
    <ClInclude Include="Core\Debug\TextLine.hpp">
      <Filter>Core\Debug</Filter>
    </ClInclude>
    <ClInclude Include="Core\Strings\NamedProperties.hpp">
      <Filter>Core\Strings</Filter>
    </ClInclude>
    <ClInclude Include="Math\Plane3.hpp">
      <Filter>Math</Filter>
    </ClInclude>
    <ClInclude Include="Math\Capsule3.hpp">
      <Filter>Math</Filter>
    </ClInclude>
    <ClInclude Include="Math\Sphere.hpp">
      <Filter>Math</Filter>
    </ClInclude>
    <ClInclude Include="Math\Ray3.hpp">
      <Filter>Math</Filter>
    </ClInclude>
    <ClInclude Include="Math\OBB3.hpp">
      <Filter>Math</Filter>
    </ClInclude>
    <ClInclude Include="Math\Frustum.hpp">
      <Filter>Math</Filter>
    </ClInclude>
    <ClInclude Include="Physics\Transform3D.hpp">
      <Filter>Physics</Filter>
    </ClInclude>
    <ClInclude Include="Renderer\BitmapFont.hpp">
      <Filter>Renderer</Filter>
    </ClInclude>
    <ClInclude Include="Core\Debug\LogProfile.hpp">
      <Filter>Core\Debug</Filter>
    </ClInclude>
    <ClInclude Include="Core\Debug\Callstack.hpp">
      <Filter>Core\Debug</Filter>
    </ClInclude>
    <ClInclude Include="Core\Debug\UnitTest.hpp">
      <Filter>Core\Debug</Filter>
    </ClInclude>
    <ClInclude Include="Core\Debug\Log.hpp">
      <Filter>Core\Debug</Filter>
    </ClInclude>
    <ClInclude Include="Core\Memory\AsyncQueue.hpp">
      <Filter>Core\Memory</Filter>
    </ClInclude>
    <ClInclude Include="Core\Memory\MemoryManagement.hpp">
      <Filter>Core\Memory</Filter>
    </ClInclude>
    <ClInclude Include="Core\Memory\MPSCRingBuffer.hpp">
      <Filter>Core\Memory</Filter>
    </ClInclude>
    <ClInclude Include="Core\Debug\Profiler.hpp">
      <Filter>Core\Debug</Filter>
    </ClInclude>
    <ClInclude Include="Core\Memory\Allocator.hpp">
      <Filter>Core\Memory</Filter>
    </ClInclude>
    <ClInclude Include="Core\Memory\BlockAllocator.hpp">
      <Filter>Core\Memory</Filter>
    </ClInclude>
    <ClInclude Include="Core\EngineUtils.hpp">
      <Filter>Core</Filter>
    </ClInclude>
    <ClInclude Include="Core\Debug\ProfilerReport.hpp">
      <Filter>Core\Debug</Filter>
    </ClInclude>
    <ClInclude Include="..\ThirdParty\imGUI\imconfig.h">
      <Filter>ImGUI</Filter>
    </ClInclude>
    <ClInclude Include="..\ThirdParty\imGUI\imgui.h">
      <Filter>ImGUI</Filter>
    </ClInclude>
    <ClInclude Include="..\ThirdParty\imGUI\imgui_impl_dx11.h">
      <Filter>ImGUI</Filter>
    </ClInclude>
    <ClInclude Include="..\ThirdParty\imGUI\imgui_impl_win32.h">
      <Filter>ImGUI</Filter>
    </ClInclude>
    <ClInclude Include="..\ThirdParty\imGUI\imgui_internal.h">
      <Filter>ImGUI</Filter>
    </ClInclude>
    <ClInclude Include="..\ThirdParty\imGUI\imstb_rectpack.h">
      <Filter>ImGUI</Filter>
    </ClInclude>
    <ClInclude Include="..\ThirdParty\imGUI\imstb_textedit.h">
      <Filter>ImGUI</Filter>
    </ClInclude>
    <ClInclude Include="..\ThirdParty\imGUI\imstb_truetype.h">
      <Filter>ImGUI</Filter>
    </ClInclude>
    <ClInclude Include="ImGUI\ImGUISystem.hpp">
      <Filter>ImGUI</Filter>
    </ClInclude>
  </ItemGroup>
</Project>